// !$*UTF8*$!
{
	archiveVersion = 1;
	classes = {
	};
	objectVersion = 50;
	objects = {

/* Begin PBXBuildFile section */
		E0BD65836FC75CF240300C08 /* libPods-组件 - 列表联动.a in Frameworks */ = {isa = PBXBuildFile; fileRef = 6EFFE7F2E2B1BA7AAE1C5DCF /* libPods-组件 - 列表联动.a */; };
		FC6A89C7225398B70035F42B /* AppDelegate.m in Sources */ = {isa = PBXBuildFile; fileRef = FC6A89C6225398B70035F42B /* AppDelegate.m */; };
		FC6A89CA225398B70035F42B /* ViewController.m in Sources */ = {isa = PBXBuildFile; fileRef = FC6A89C9225398B70035F42B /* ViewController.m */; };
		FC6A89CD225398B70035F42B /* Main.storyboard in Resources */ = {isa = PBXBuildFile; fileRef = FC6A89CB225398B70035F42B /* Main.storyboard */; };
		FC6A89D0225398B70035F42B /* _________.xcdatamodeld in Sources */ = {isa = PBXBuildFile; fileRef = FC6A89CE225398B70035F42B /* _________.xcdatamodeld */; };
		FC6A89D2225398BB0035F42B /* Assets.xcassets in Resources */ = {isa = PBXBuildFile; fileRef = FC6A89D1225398BB0035F42B /* Assets.xcassets */; };
		FC6A89D5225398BB0035F42B /* LaunchScreen.storyboard in Resources */ = {isa = PBXBuildFile; fileRef = FC6A89D3225398BB0035F42B /* LaunchScreen.storyboard */; };
		FC6A89D8225398BB0035F42B /* main.m in Sources */ = {isa = PBXBuildFile; fileRef = FC6A89D7225398BB0035F42B /* main.m */; };
		FC6A89E0225399220035F42B /* GoodsClassViewController.m in Sources */ = {isa = PBXBuildFile; fileRef = FC6A89DF225399220035F42B /* GoodsClassViewController.m */; };
		FC6A89F12253994C0035F42B /* GoodsClassHeaderView.m in Sources */ = {isa = PBXBuildFile; fileRef = FC6A89E22253994A0035F42B /* GoodsClassHeaderView.m */; };
		FC6A89F22253994C0035F42B /* liwushuo.json in Resources */ = {isa = PBXBuildFile; fileRef = FC6A89E32253994A0035F42B /* liwushuo.json */; };
		FC6A89F32253994C0035F42B /* NSObject+Property.m in Sources */ = {isa = PBXBuildFile; fileRef = FC6A89E42253994A0035F42B /* NSObject+Property.m */; };
		FC6A89F42253994C0035F42B /* GoodsClassCollectionViewCell.m in Sources */ = {isa = PBXBuildFile; fileRef = FC6A89E62253994A0035F42B /* GoodsClassCollectionViewCell.m */; };
		FC6A89F52253994C0035F42B /* meituan.json in Resources */ = {isa = PBXBuildFile; fileRef = FC6A89E72253994B0035F42B /* meituan.json */; };
		FC6A89F62253994C0035F42B /* GoodsClassCollectionViewLayoutAttributes.m in Sources */ = {isa = PBXBuildFile; fileRef = FC6A89EA2253994B0035F42B /* GoodsClassCollectionViewLayoutAttributes.m */; };
		FC6A89F72253994C0035F42B /* LeftTableViewCell.m in Sources */ = {isa = PBXBuildFile; fileRef = FC6A89EB2253994B0035F42B /* LeftTableViewCell.m */; };
		FC6A89F82253994C0035F42B /* GoodsClassCollectionViewFlowLayout.m in Sources */ = {isa = PBXBuildFile; fileRef = FC6A89EC2253994B0035F42B /* GoodsClassCollectionViewFlowLayout.m */; };
		FC6A89F92253994C0035F42B /* UIViewController+Dealloc.m in Sources */ = {isa = PBXBuildFile; fileRef = FC6A89EF2253994B0035F42B /* UIViewController+Dealloc.m */; };
		FC6A89FC225399790035F42B /* GoodsShopModel.m in Sources */ = {isa = PBXBuildFile; fileRef = FC6A89FB225399780035F42B /* GoodsShopModel.m */; };
		FC6A89FF22539B030035F42B /* UIView+Layout.m in Sources */ = {isa = PBXBuildFile; fileRef = FC6A89FE22539B030035F42B /* UIView+Layout.m */; };
/* End PBXBuildFile section */

/* Begin PBXFileReference section */
		6EFFE7F2E2B1BA7AAE1C5DCF /* libPods-组件 - 列表联动.a */ = {isa = PBXFileReference; explicitFileType = archive.ar; includeInIndex = 0; path = "libPods-组件 - 列表联动.a"; sourceTree = BUILT_PRODUCTS_DIR; };
		75B01CB644E4CDD2552643B9 /* Pods-组件 - 列表联动.debug.xcconfig */ = {isa = PBXFileReference; includeInIndex = 1; lastKnownFileType = text.xcconfig; name = "Pods-组件 - 列表联动.debug.xcconfig"; path = "Pods/Target Support Files/Pods-组件 - 列表联动/Pods-组件 - 列表联动.debug.xcconfig"; sourceTree = "<group>"; };
		AA0812DB23DC1307E0A41521 /* Pods-组件 - 列表联动.release.xcconfig */ = {isa = PBXFileReference; includeInIndex = 1; lastKnownFileType = text.xcconfig; name = "Pods-组件 - 列表联动.release.xcconfig"; path = "Pods/Target Support Files/Pods-组件 - 列表联动/Pods-组件 - 列表联动.release.xcconfig"; sourceTree = "<group>"; };
		FC6A89C2225398B70035F42B /* 组件 - 列表联动.app */ = {isa = PBXFileReference; explicitFileType = wrapper.application; includeInIndex = 0; path = "组件 - 列表联动.app"; sourceTree = BUILT_PRODUCTS_DIR; };
		FC6A89C5225398B70035F42B /* AppDelegate.h */ = {isa = PBXFileReference; lastKnownFileType = sourcecode.c.h; path = AppDelegate.h; sourceTree = "<group>"; };
		FC6A89C6225398B70035F42B /* AppDelegate.m */ = {isa = PBXFileReference; lastKnownFileType = sourcecode.c.objc; path = AppDelegate.m; sourceTree = "<group>"; };
		FC6A89C8225398B70035F42B /* ViewController.h */ = {isa = PBXFileReference; lastKnownFileType = sourcecode.c.h; path = ViewController.h; sourceTree = "<group>"; };
		FC6A89C9225398B70035F42B /* ViewController.m */ = {isa = PBXFileReference; lastKnownFileType = sourcecode.c.objc; path = ViewController.m; sourceTree = "<group>"; };
		FC6A89CC225398B70035F42B /* Base */ = {isa = PBXFileReference; lastKnownFileType = file.storyboard; name = Base; path = Base.lproj/Main.storyboard; sourceTree = "<group>"; };
		FC6A89CF225398B70035F42B /* _________.xcdatamodel */ = {isa = PBXFileReference; lastKnownFileType = wrapper.xcdatamodel; path = _________.xcdatamodel; sourceTree = "<group>"; };
		FC6A89D1225398BB0035F42B /* Assets.xcassets */ = {isa = PBXFileReference; lastKnownFileType = folder.assetcatalog; path = Assets.xcassets; sourceTree = "<group>"; };
		FC6A89D4225398BB0035F42B /* Base */ = {isa = PBXFileReference; lastKnownFileType = file.storyboard; name = Base; path = Base.lproj/LaunchScreen.storyboard; sourceTree = "<group>"; };
		FC6A89D6225398BB0035F42B /* Info.plist */ = {isa = PBXFileReference; lastKnownFileType = text.plist.xml; path = Info.plist; sourceTree = "<group>"; };
		FC6A89D7225398BB0035F42B /* main.m */ = {isa = PBXFileReference; lastKnownFileType = sourcecode.c.objc; path = main.m; sourceTree = "<group>"; };
		FC6A89DE225399220035F42B /* GoodsClassViewController.h */ = {isa = PBXFileReference; fileEncoding = 4; lastKnownFileType = sourcecode.c.h; path = GoodsClassViewController.h; sourceTree = "<group>"; };
		FC6A89DF225399220035F42B /* GoodsClassViewController.m */ = {isa = PBXFileReference; fileEncoding = 4; lastKnownFileType = sourcecode.c.objc; path = GoodsClassViewController.m; sourceTree = "<group>"; };
		FC6A89E12253994A0035F42B /* UIViewController+Dealloc.h */ = {isa = PBXFileReference; fileEncoding = 4; lastKnownFileType = sourcecode.c.h; path = "UIViewController+Dealloc.h"; sourceTree = "<group>"; };
		FC6A89E22253994A0035F42B /* GoodsClassHeaderView.m */ = {isa = PBXFileReference; fileEncoding = 4; lastKnownFileType = sourcecode.c.objc; path = GoodsClassHeaderView.m; sourceTree = "<group>"; };
		FC6A89E32253994A0035F42B /* liwushuo.json */ = {isa = PBXFileReference; fileEncoding = 4; lastKnownFileType = text.json; path = liwushuo.json; sourceTree = "<group>"; };
		FC6A89E42253994A0035F42B /* NSObject+Property.m */ = {isa = PBXFileReference; fileEncoding = 4; lastKnownFileType = sourcecode.c.objc; path = "NSObject+Property.m"; sourceTree = "<group>"; };
		FC6A89E52253994A0035F42B /* GoodsClassCollectionViewFlowLayout.h */ = {isa = PBXFileReference; fileEncoding = 4; lastKnownFileType = sourcecode.c.h; path = GoodsClassCollectionViewFlowLayout.h; sourceTree = "<group>"; };
		FC6A89E62253994A0035F42B /* GoodsClassCollectionViewCell.m */ = {isa = PBXFileReference; fileEncoding = 4; lastKnownFileType = sourcecode.c.objc; path = GoodsClassCollectionViewCell.m; sourceTree = "<group>"; };
		FC6A89E72253994B0035F42B /* meituan.json */ = {isa = PBXFileReference; fileEncoding = 4; lastKnownFileType = text.json; path = meituan.json; sourceTree = "<group>"; };
		FC6A89E82253994B0035F42B /* NSObject+Property.h */ = {isa = PBXFileReference; fileEncoding = 4; lastKnownFileType = sourcecode.c.h; path = "NSObject+Property.h"; sourceTree = "<group>"; };
		FC6A89E92253994B0035F42B /* LeftTableViewCell.h */ = {isa = PBXFileReference; fileEncoding = 4; lastKnownFileType = sourcecode.c.h; path = LeftTableViewCell.h; sourceTree = "<group>"; };
		FC6A89EA2253994B0035F42B /* GoodsClassCollectionViewLayoutAttributes.m */ = {isa = PBXFileReference; fileEncoding = 4; lastKnownFileType = sourcecode.c.objc; path = GoodsClassCollectionViewLayoutAttributes.m; sourceTree = "<group>"; };
		FC6A89EB2253994B0035F42B /* LeftTableViewCell.m */ = {isa = PBXFileReference; fileEncoding = 4; lastKnownFileType = sourcecode.c.objc; path = LeftTableViewCell.m; sourceTree = "<group>"; };
		FC6A89EC2253994B0035F42B /* GoodsClassCollectionViewFlowLayout.m */ = {isa = PBXFileReference; fileEncoding = 4; lastKnownFileType = sourcecode.c.objc; path = GoodsClassCollectionViewFlowLayout.m; sourceTree = "<group>"; };
		FC6A89ED2253994B0035F42B /* GoodsClassCollectionViewLayoutAttributes.h */ = {isa = PBXFileReference; fileEncoding = 4; lastKnownFileType = sourcecode.c.h; path = GoodsClassCollectionViewLayoutAttributes.h; sourceTree = "<group>"; };
		FC6A89EE2253994B0035F42B /* GoodsClassCollectionViewCell.h */ = {isa = PBXFileReference; fileEncoding = 4; lastKnownFileType = sourcecode.c.h; path = GoodsClassCollectionViewCell.h; sourceTree = "<group>"; };
		FC6A89EF2253994B0035F42B /* UIViewController+Dealloc.m */ = {isa = PBXFileReference; fileEncoding = 4; lastKnownFileType = sourcecode.c.objc; path = "UIViewController+Dealloc.m"; sourceTree = "<group>"; };
		FC6A89F02253994B0035F42B /* GoodsClassHeaderView.h */ = {isa = PBXFileReference; fileEncoding = 4; lastKnownFileType = sourcecode.c.h; path = GoodsClassHeaderView.h; sourceTree = "<group>"; };
		FC6A89FA225399780035F42B /* GoodsShopModel.h */ = {isa = PBXFileReference; fileEncoding = 4; lastKnownFileType = sourcecode.c.h; path = GoodsShopModel.h; sourceTree = "<group>"; };
		FC6A89FB225399780035F42B /* GoodsShopModel.m */ = {isa = PBXFileReference; fileEncoding = 4; lastKnownFileType = sourcecode.c.objc; path = GoodsShopModel.m; sourceTree = "<group>"; };
		FC6A89FD22539B030035F42B /* UIView+Layout.h */ = {isa = PBXFileReference; fileEncoding = 4; lastKnownFileType = sourcecode.c.h; path = "UIView+Layout.h"; sourceTree = "<group>"; };
		FC6A89FE22539B030035F42B /* UIView+Layout.m */ = {isa = PBXFileReference; fileEncoding = 4; lastKnownFileType = sourcecode.c.objc; path = "UIView+Layout.m"; sourceTree = "<group>"; };
/* End PBXFileReference section */

/* Begin PBXFrameworksBuildPhase section */
		FC6A89BF225398B70035F42B /* Frameworks */ = {
			isa = PBXFrameworksBuildPhase;
			buildActionMask = 2147483647;
			files = (
				E0BD65836FC75CF240300C08 /* libPods-组件 - 列表联动.a in Frameworks */,
			);
			runOnlyForDeploymentPostprocessing = 0;
		};
/* End PBXFrameworksBuildPhase section */

/* Begin PBXGroup section */
		A3A60BB87AAD73A6E25CC6BA /* Pods */ = {
			isa = PBXGroup;
			children = (
				75B01CB644E4CDD2552643B9 /* Pods-组件 - 列表联动.debug.xcconfig */,
				AA0812DB23DC1307E0A41521 /* Pods-组件 - 列表联动.release.xcconfig */,
			);
			name = Pods;
			sourceTree = "<group>";
		};
		CD1C81626B6070AD9FF0FAF7 /* Frameworks */ = {
			isa = PBXGroup;
			children = (
				6EFFE7F2E2B1BA7AAE1C5DCF /* libPods-组件 - 列表联动.a */,
			);
			name = Frameworks;
			sourceTree = "<group>";
		};
		FC6A89B9225398B70035F42B = {
			isa = PBXGroup;
			children = (
				FC6A89C4225398B70035F42B /* 组件 - 列表联动 */,
				FC6A89C3225398B70035F42B /* Products */,
				A3A60BB87AAD73A6E25CC6BA /* Pods */,
				CD1C81626B6070AD9FF0FAF7 /* Frameworks */,
			);
			sourceTree = "<group>";
		};
		FC6A89C3225398B70035F42B /* Products */ = {
			isa = PBXGroup;
			children = (
				FC6A89C2225398B70035F42B /* 组件 - 列表联动.app */,
			);
			name = Products;
			sourceTree = "<group>";
		};
		FC6A89C4225398B70035F42B /* 组件 - 列表联动 */ = {
			isa = PBXGroup;
			children = (
				FC6A89C5225398B70035F42B /* AppDelegate.h */,
				FC6A89C6225398B70035F42B /* AppDelegate.m */,
				FC6A89C8225398B70035F42B /* ViewController.h */,
				FC6A89C9225398B70035F42B /* ViewController.m */,
				FC6A89DE225399220035F42B /* GoodsClassViewController.h */,
				FC6A89DF225399220035F42B /* GoodsClassViewController.m */,
				FC6A89FA225399780035F42B /* GoodsShopModel.h */,
				FC6A89FB225399780035F42B /* GoodsShopModel.m */,
				FC6A89EE2253994B0035F42B /* GoodsClassCollectionViewCell.h */,
				FC6A89E62253994A0035F42B /* GoodsClassCollectionViewCell.m */,
				FC6A89E52253994A0035F42B /* GoodsClassCollectionViewFlowLayout.h */,
				FC6A89EC2253994B0035F42B /* GoodsClassCollectionViewFlowLayout.m */,
				FC6A89ED2253994B0035F42B /* GoodsClassCollectionViewLayoutAttributes.h */,
				FC6A89EA2253994B0035F42B /* GoodsClassCollectionViewLayoutAttributes.m */,
				FC6A89F02253994B0035F42B /* GoodsClassHeaderView.h */,
				FC6A89E22253994A0035F42B /* GoodsClassHeaderView.m */,
				FC6A89E92253994B0035F42B /* LeftTableViewCell.h */,
				FC6A89EB2253994B0035F42B /* LeftTableViewCell.m */,
				FC6A89E32253994A0035F42B /* liwushuo.json */,
				FC6A89E72253994B0035F42B /* meituan.json */,
				FC6A89FD22539B030035F42B /* UIView+Layout.h */,
				FC6A89FE22539B030035F42B /* UIView+Layout.m */,
				FC6A89E82253994B0035F42B /* NSObject+Property.h */,
				FC6A89E42253994A0035F42B /* NSObject+Property.m */,
				FC6A89E12253994A0035F42B /* UIViewController+Dealloc.h */,
				FC6A89EF2253994B0035F42B /* UIViewController+Dealloc.m */,
				FC6A89CB225398B70035F42B /* Main.storyboard */,
				FC6A89D1225398BB0035F42B /* Assets.xcassets */,
				FC6A89D3225398BB0035F42B /* LaunchScreen.storyboard */,
				FC6A89D6225398BB0035F42B /* Info.plist */,
				FC6A89D7225398BB0035F42B /* main.m */,
				FC6A89CE225398B70035F42B /* _________.xcdatamodeld */,
			);
			path = "组件 - 列表联动";
			sourceTree = "<group>";
		};
/* End PBXGroup section */

/* Begin PBXNativeTarget section */
		FC6A89C1225398B70035F42B /* 组件 - 列表联动 */ = {
			isa = PBXNativeTarget;
			buildConfigurationList = FC6A89DB225398BB0035F42B /* Build configuration list for PBXNativeTarget "组件 - 列表联动" */;
			buildPhases = (
				47FA454CBFAEE7B00EFBAA4F /* [CP] Check Pods Manifest.lock */,
				FC6A89BE225398B70035F42B /* Sources */,
				FC6A89BF225398B70035F42B /* Frameworks */,
				FC6A89C0225398B70035F42B /* Resources */,
			);
			buildRules = (
			);
			dependencies = (
			);
			name = "组件 - 列表联动";
			productName = "组件 - 列表联动";
			productReference = FC6A89C2225398B70035F42B /* 组件 - 列表联动.app */;
			productType = "com.apple.product-type.application";
		};
/* End PBXNativeTarget section */

/* Begin PBXProject section */
		FC6A89BA225398B70035F42B /* Project object */ = {
			isa = PBXProject;
			attributes = {
				LastUpgradeCheck = 1020;
				ORGANIZATIONNAME = "石稳";
				TargetAttributes = {
					FC6A89C1225398B70035F42B = {
						CreatedOnToolsVersion = 10.2;
					};
				};
			};
			buildConfigurationList = FC6A89BD225398B70035F42B /* Build configuration list for PBXProject "组件 - 列表联动" */;
			compatibilityVersion = "Xcode 9.3";
			developmentRegion = en;
			hasScannedForEncodings = 0;
			knownRegions = (
				en,
				Base,
			);
			mainGroup = FC6A89B9225398B70035F42B;
			productRefGroup = FC6A89C3225398B70035F42B /* Products */;
			projectDirPath = "";
			projectRoot = "";
			targets = (
				FC6A89C1225398B70035F42B /* 组件 - 列表联动 */,
			);
		};
/* End PBXProject section */

/* Begin PBXResourcesBuildPhase section */
		FC6A89C0225398B70035F42B /* Resources */ = {
			isa = PBXResourcesBuildPhase;
			buildActionMask = 2147483647;
			files = (
				FC6A89D5225398BB0035F42B /* LaunchScreen.storyboard in Resources */,
				FC6A89F22253994C0035F42B /* liwushuo.json in Resources */,
				FC6A89D2225398BB0035F42B /* Assets.xcassets in Resources */,
				FC6A89CD225398B70035F42B /* Main.storyboard in Resources */,
				FC6A89F52253994C0035F42B /* meituan.json in Resources */,
			);
			runOnlyForDeploymentPostprocessing = 0;
		};
/* End PBXResourcesBuildPhase section */

/* Begin PBXShellScriptBuildPhase section */
		47FA454CBFAEE7B00EFBAA4F /* [CP] Check Pods Manifest.lock */ = {
			isa = PBXShellScriptBuildPhase;
			buildActionMask = 2147483647;
			files = (
			);
			inputFileListPaths = (
			);
			inputPaths = (
				"${PODS_PODFILE_DIR_PATH}/Podfile.lock",
				"${PODS_ROOT}/Manifest.lock",
			);
			name = "[CP] Check Pods Manifest.lock";
			outputFileListPaths = (
			);
			outputPaths = (
				"$(DERIVED_FILE_DIR)/Pods-组件 - 列表联动-checkManifestLockResult.txt",
			);
			runOnlyForDeploymentPostprocessing = 0;
			shellPath = /bin/sh;
			shellScript = "diff \"${PODS_PODFILE_DIR_PATH}/Podfile.lock\" \"${PODS_ROOT}/Manifest.lock\" > /dev/null\nif [ $? != 0 ] ; then\n    # print error to STDERR\n    echo \"error: The sandbox is not in sync with the Podfile.lock. Run 'pod install' or update your CocoaPods installation.\" >&2\n    exit 1\nfi\n# This output is used by Xcode 'outputs' to avoid re-running this script phase.\necho \"SUCCESS\" > \"${SCRIPT_OUTPUT_FILE_0}\"\n";
			showEnvVarsInLog = 0;
		};
/* End PBXShellScriptBuildPhase section */

/* Begin PBXSourcesBuildPhase section */
		FC6A89BE225398B70035F42B /* Sources */ = {
			isa = PBXSourcesBuildPhase;
			buildActionMask = 2147483647;
			files = (
				FC6A89E0225399220035F42B /* GoodsClassViewController.m in Sources */,
				FC6A89F92253994C0035F42B /* UIViewController+Dealloc.m in Sources */,
				FC6A89F12253994C0035F42B /* GoodsClassHeaderView.m in Sources */,
				FC6A89FC225399790035F42B /* GoodsShopModel.m in Sources */,
				FC6A89FF22539B030035F42B /* UIView+Layout.m in Sources */,
				FC6A89F82253994C0035F42B /* GoodsClassCollectionViewFlowLayout.m in Sources */,
				FC6A89F72253994C0035F42B /* LeftTableViewCell.m in Sources */,
				FC6A89F42253994C0035F42B /* GoodsClassCollectionViewCell.m in Sources */,
				FC6A89F32253994C0035F42B /* NSObject+Property.m in Sources */,
				FC6A89D0225398B70035F42B /* _________.xcdatamodeld in Sources */,
				FC6A89CA225398B70035F42B /* ViewController.m in Sources */,
				FC6A89F62253994C0035F42B /* GoodsClassCollectionViewLayoutAttributes.m in Sources */,
				FC6A89D8225398BB0035F42B /* main.m in Sources */,
				FC6A89C7225398B70035F42B /* AppDelegate.m in Sources */,
			);
			runOnlyForDeploymentPostprocessing = 0;
		};
/* End PBXSourcesBuildPhase section */

/* Begin PBXVariantGroup section */
		FC6A89CB225398B70035F42B /* Main.storyboard */ = {
			isa = PBXVariantGroup;
			children = (
				FC6A89CC225398B70035F42B /* Base */,
			);
			name = Main.storyboard;
			sourceTree = "<group>";
		};
		FC6A89D3225398BB0035F42B /* LaunchScreen.storyboard */ = {
			isa = PBXVariantGroup;
			children = (
				FC6A89D4225398BB0035F42B /* Base */,
			);
			name = LaunchScreen.storyboard;
			sourceTree = "<group>";
		};
/* End PBXVariantGroup section */

/* Begin XCBuildConfiguration section */
		FC6A89D9225398BB0035F42B /* Debug */ = {
			isa = XCBuildConfiguration;
			buildSettings = {
				ALWAYS_SEARCH_USER_PATHS = NO;
				CLANG_ANALYZER_NONNULL = YES;
				CLANG_ANALYZER_NUMBER_OBJECT_CONVERSION = YES_AGGRESSIVE;
				CLANG_CXX_LANGUAGE_STANDARD = "gnu++14";
				CLANG_CXX_LIBRARY = "libc++";
				CLANG_ENABLE_MODULES = YES;
				CLANG_ENABLE_OBJC_ARC = YES;
				CLANG_ENABLE_OBJC_WEAK = YES;
				CLANG_WARN_BLOCK_CAPTURE_AUTORELEASING = YES;
				CLANG_WARN_BOOL_CONVERSION = YES;
				CLANG_WARN_COMMA = YES;
				CLANG_WARN_CONSTANT_CONVERSION = YES;
				CLANG_WARN_DEPRECATED_OBJC_IMPLEMENTATIONS = YES;
				CLANG_WARN_DIRECT_OBJC_ISA_USAGE = YES_ERROR;
				CLANG_WARN_DOCUMENTATION_COMMENTS = YES;
				CLANG_WARN_EMPTY_BODY = YES;
				CLANG_WARN_ENUM_CONVERSION = YES;
				CLANG_WARN_INFINITE_RECURSION = YES;
				CLANG_WARN_INT_CONVERSION = YES;
				CLANG_WARN_NON_LITERAL_NULL_CONVERSION = YES;
				CLANG_WARN_OBJC_IMPLICIT_RETAIN_SELF = YES;
				CLANG_WARN_OBJC_LITERAL_CONVERSION = YES;
				CLANG_WARN_OBJC_ROOT_CLASS = YES_ERROR;
				CLANG_WARN_RANGE_LOOP_ANALYSIS = YES;
				CLANG_WARN_STRICT_PROTOTYPES = YES;
				CLANG_WARN_SUSPICIOUS_MOVE = YES;
				CLANG_WARN_UNGUARDED_AVAILABILITY = YES_AGGRESSIVE;
				CLANG_WARN_UNREACHABLE_CODE = YES;
				CLANG_WARN__DUPLICATE_METHOD_MATCH = YES;
				CODE_SIGN_IDENTITY = "iPhone Developer";
				COPY_PHASE_STRIP = NO;
				DEBUG_INFORMATION_FORMAT = dwarf;
				ENABLE_STRICT_OBJC_MSGSEND = YES;
				ENABLE_TESTABILITY = YES;
				GCC_C_LANGUAGE_STANDARD = gnu11;
				GCC_DYNAMIC_NO_PIC = NO;
				GCC_NO_COMMON_BLOCKS = YES;
				GCC_OPTIMIZATION_LEVEL = 0;
				GCC_PREPROCESSOR_DEFINITIONS = (
					"DEBUG=1",
					"$(inherited)",
				);
				GCC_WARN_64_TO_32_BIT_CONVERSION = YES;
				GCC_WARN_ABOUT_RETURN_TYPE = YES_ERROR;
				GCC_WARN_UNDECLARED_SELECTOR = YES;
				GCC_WARN_UNINITIALIZED_AUTOS = YES_AGGRESSIVE;
				GCC_WARN_UNUSED_FUNCTION = YES;
				GCC_WARN_UNUSED_VARIABLE = YES;
				IPHONEOS_DEPLOYMENT_TARGET = 12.2;
				MTL_ENABLE_DEBUG_INFO = INCLUDE_SOURCE;
				MTL_FAST_MATH = YES;
				ONLY_ACTIVE_ARCH = YES;
				SDKROOT = iphoneos;
			};
			name = Debug;
		};
		FC6A89DA225398BB0035F42B /* Release */ = {
			isa = XCBuildConfiguration;
			buildSettings = {
				ALWAYS_SEARCH_USER_PATHS = NO;
				CLANG_ANALYZER_NONNULL = YES;
				CLANG_ANALYZER_NUMBER_OBJECT_CONVERSION = YES_AGGRESSIVE;
				CLANG_CXX_LANGUAGE_STANDARD = "gnu++14";
				CLANG_CXX_LIBRARY = "libc++";
				CLANG_ENABLE_MODULES = YES;
				CLANG_ENABLE_OBJC_ARC = YES;
				CLANG_ENABLE_OBJC_WEAK = YES;
				CLANG_WARN_BLOCK_CAPTURE_AUTORELEASING = YES;
				CLANG_WARN_BOOL_CONVERSION = YES;
				CLANG_WARN_COMMA = YES;
				CLANG_WARN_CONSTANT_CONVERSION = YES;
				CLANG_WARN_DEPRECATED_OBJC_IMPLEMENTATIONS = YES;
				CLANG_WARN_DIRECT_OBJC_ISA_USAGE = YES_ERROR;
				CLANG_WARN_DOCUMENTATION_COMMENTS = YES;
				CLANG_WARN_EMPTY_BODY = YES;
				CLANG_WARN_ENUM_CONVERSION = YES;
				CLANG_WARN_INFINITE_RECURSION = YES;
				CLANG_WARN_INT_CONVERSION = YES;
				CLANG_WARN_NON_LITERAL_NULL_CONVERSION = YES;
				CLANG_WARN_OBJC_IMPLICIT_RETAIN_SELF = YES;
				CLANG_WARN_OBJC_LITERAL_CONVERSION = YES;
				CLANG_WARN_OBJC_ROOT_CLASS = YES_ERROR;
				CLANG_WARN_RANGE_LOOP_ANALYSIS = YES;
				CLANG_WARN_STRICT_PROTOTYPES = YES;
				CLANG_WARN_SUSPICIOUS_MOVE = YES;
				CLANG_WARN_UNGUARDED_AVAILABILITY = YES_AGGRESSIVE;
				CLANG_WARN_UNREACHABLE_CODE = YES;
				CLANG_WARN__DUPLICATE_METHOD_MATCH = YES;
				CODE_SIGN_IDENTITY = "iPhone Developer";
				COPY_PHASE_STRIP = NO;
				DEBUG_INFORMATION_FORMAT = "dwarf-with-dsym";
				ENABLE_NS_ASSERTIONS = NO;
				ENABLE_STRICT_OBJC_MSGSEND = YES;
				GCC_C_LANGUAGE_STANDARD = gnu11;
				GCC_NO_COMMON_BLOCKS = YES;
				GCC_WARN_64_TO_32_BIT_CONVERSION = YES;
				GCC_WARN_ABOUT_RETURN_TYPE = YES_ERROR;
				GCC_WARN_UNDECLARED_SELECTOR = YES;
				GCC_WARN_UNINITIALIZED_AUTOS = YES_AGGRESSIVE;
				GCC_WARN_UNUSED_FUNCTION = YES;
				GCC_WARN_UNUSED_VARIABLE = YES;
				IPHONEOS_DEPLOYMENT_TARGET = 12.2;
				MTL_ENABLE_DEBUG_INFO = NO;
				MTL_FAST_MATH = YES;
				SDKROOT = iphoneos;
				VALIDATE_PRODUCT = YES;
			};
			name = Release;
		};
		FC6A89DC225398BB0035F42B /* Debug */ = {
			isa = XCBuildConfiguration;
			baseConfigurationReference = 75B01CB644E4CDD2552643B9 /* Pods-组件 - 列表联动.debug.xcconfig */;
			buildSettings = {
				ASSETCATALOG_COMPILER_APPICON_NAME = AppIcon;
				CODE_SIGN_STYLE = Automatic;
				DEVELOPMENT_TEAM = B9TUUSC9F7;
				INFOPLIST_FILE = "组件 - 列表联动/Info.plist";
				IPHONEOS_DEPLOYMENT_TARGET = 9.0;
				LD_RUNPATH_SEARCH_PATHS = (
					"$(inherited)",
					"@executable_path/Frameworks",
				);
				PRODUCT_BUNDLE_IDENTIFIER = "onlyWen.---------";
				PRODUCT_NAME = "$(TARGET_NAME)";
				TARGETED_DEVICE_FAMILY = "1,2";
			};
			name = Debug;
		};
		FC6A89DD225398BB0035F42B /* Release */ = {
			isa = XCBuildConfiguration;
			baseConfigurationReference = AA0812DB23DC1307E0A41521 /* Pods-组件 - 列表联动.release.xcconfig */;
			buildSettings = {
				ASSETCATALOG_COMPILER_APPICON_NAME = AppIcon;
				CODE_SIGN_STYLE = Automatic;
				DEVELOPMENT_TEAM = B9TUUSC9F7;
				INFOPLIST_FILE = "组件 - 列表联动/Info.plist";
				IPHONEOS_DEPLOYMENT_TARGET = 9.0;
				LD_RUNPATH_SEARCH_PATHS = (
					"$(inherited)",
					"@executable_path/Frameworks",
				);
				PRODUCT_BUNDLE_IDENTIFIER = "onlyWen.---------";
				PRODUCT_NAME = "$(TARGET_NAME)";
				TARGETED_DEVICE_FAMILY = "1,2";
			};
			name = Release;
		};
/* End XCBuildConfiguration section */

/* Begin XCConfigurationList section */
		FC6A89BD225398B70035F42B /* Build configuration list for PBXProject "组件 - 列表联动" */ = {
			isa = XCConfigurationList;
			buildConfigurations = (
				FC6A89D9225398BB0035F42B /* Debug */,
				FC6A89DA225398BB0035F42B /* Release */,
			);
			defaultConfigurationIsVisible = 0;
			defaultConfigurationName = Release;
		};
		FC6A89DB225398BB0035F42B /* Build configuration list for PBXNativeTarget "组件 - 列表联动" */ = {
			isa = XCConfigurationList;
			buildConfigurations = (
				FC6A89DC225398BB0035F42B /* Debug */,
				FC6A89DD225398BB0035F42B /* Release */,
			);
			defaultConfigurationIsVisible = 0;
			defaultConfigurationName = Release;
		};
/* End XCConfigurationList section */

/* Begin XCVersionGroup section */
		FC6A89CE225398B70035F42B /* _________.xcdatamodeld */ = {
			isa = XCVersionGroup;
			children = (
				FC6A89CF225398B70035F42B /* _________.xcdatamodel */,
			);
			currentVersion = FC6A89CF225398B70035F42B /* _________.xcdatamodel */;
			path = _________.xcdatamodeld;
			sourceTree = "<group>";
			versionGroupType = wrapper.xcdatamodel;
		};
/* End XCVersionGroup section */
	};
	rootObject = FC6A89BA225398B70035F42B /* Project object */;
}
